
Microsoft Visual Studio Solution File, Format Version 12.00
Project("{FAE04EC0-301F-11D3-BF4B-00C04F79EFBC}") = "WebApplication1", "WebApplication1\WebApplication1.csproj", "{923CC678-1A35-472E-87D1-3FA113AEA84F}"
EndProject
Project("{FAE04EC0-301F-11D3-BF4B-00C04F79EFBC}") = "TCP", "TCP\TCP.csproj", "{9E8E5A03-A251-4248-B448-D197EBD1516D}"
EndProject
Project("{FAE04EC0-301F-11D3-BF4B-00C04F79EFBC}") = "VulnerableLogin", "VulnerableLogin\VulnerableLogin.csproj", "{06023E4F-E5FB-4BD5-9B0D-C0F1F27E6992}"
EndProject
Project("{2150E333-8FDC-42A3-9474-1A3956D46DE8}") = "OmniScan", "OmniScan", "{5C0D8499-1DDB-4771-826E-63231377D233}"
EndProject
Project("{FAE04EC0-301F-11D3-BF4B-00C04F79EFBC}") = "OmniscanAdmin", "OmniscanAdmin\OmniscanAdmin.csproj", "{E3C7C312-9B05-452D-A121-485E8CFF142E}"
EndProject
Project("{FAE04EC0-301F-11D3-BF4B-00C04F79EFBC}") = "OmniscanLogs", "OmniscanLogs\OmniscanLogs.csproj", "{B183E376-46F9-4ECF-B24C-19637159BA38}"
EndProject
Project("{FAE04EC0-301F-11D3-BF4B-00C04F79EFBC}") = "OmniScanSite", "OmniScanSite\OmniScanSite.csproj", "{A08134BE-9DFE-4533-895A-B58627009AB6}"
EndProject
Project("{FAE04EC0-301F-11D3-BF4B-00C04F79EFBC}") = "NZTSite", "NZTSite\NZTSite.csproj", "{39E4BCBC-E75F-4EDA-A365-02210CF5C5C6}"
EndProject
Global
	GlobalSection(SolutionConfigurationPlatforms) = preSolution
		Debug|Any CPU = Debug|Any CPU
		Release|Any CPU = Release|Any CPU
	EndGlobalSection
	GlobalSection(ProjectConfigurationPlatforms) = postSolution
		{923CC678-1A35-472E-87D1-3FA113AEA84F}.Debug|Any CPU.ActiveCfg = Debug|Any CPU
		{923CC678-1A35-472E-87D1-3FA113AEA84F}.Debug|Any CPU.Build.0 = Debug|Any CPU
		{923CC678-1A35-472E-87D1-3FA113AEA84F}.Release|Any CPU.ActiveCfg = Release|Any CPU
		{923CC678-1A35-472E-87D1-3FA113AEA84F}.Release|Any CPU.Build.0 = Release|Any CPU
		{9E8E5A03-A251-4248-B448-D197EBD1516D}.Debug|Any CPU.ActiveCfg = Debug|Any CPU
		{9E8E5A03-A251-4248-B448-D197EBD1516D}.Debug|Any CPU.Build.0 = Debug|Any CPU
		{9E8E5A03-A251-4248-B448-D197EBD1516D}.Release|Any CPU.ActiveCfg = Release|Any CPU
		{9E8E5A03-A251-4248-B448-D197EBD1516D}.Release|Any CPU.Build.0 = Release|Any CPU
		{06023E4F-E5FB-4BD5-9B0D-C0F1F27E6992}.Debug|Any CPU.ActiveCfg = Debug|Any CPU
		{06023E4F-E5FB-4BD5-9B0D-C0F1F27E6992}.Debug|Any CPU.Build.0 = Debug|Any CPU
		{06023E4F-E5FB-4BD5-9B0D-C0F1F27E6992}.Release|Any CPU.ActiveCfg = Release|Any CPU
		{06023E4F-E5FB-4BD5-9B0D-C0F1F27E6992}.Release|Any CPU.Build.0 = Release|Any CPU
		{E3C7C312-9B05-452D-A121-485E8CFF142E}.Debug|Any CPU.ActiveCfg = Debug|Any CPU
		{E3C7C312-9B05-452D-A121-485E8CFF142E}.Debug|Any CPU.Build.0 = Debug|Any CPU
		{E3C7C312-9B05-452D-A121-485E8CFF142E}.Release|Any CPU.ActiveCfg = Release|Any CPU
		{E3C7C312-9B05-452D-A121-485E8CFF142E}.Release|Any CPU.Build.0 = Release|Any CPU
		{B183E376-46F9-4ECF-B24C-19637159BA38}.Debug|Any CPU.ActiveCfg = Debug|Any CPU
		{B183E376-46F9-4ECF-B24C-19637159BA38}.Debug|Any CPU.Build.0 = Debug|Any CPU
		{B183E376-46F9-4ECF-B24C-19637159BA38}.Release|Any CPU.ActiveCfg = Release|Any CPU
		{B183E376-46F9-4ECF-B24C-19637159BA38}.Release|Any CPU.Build.0 = Release|Any CPU
		{A08134BE-9DFE-4533-895A-B58627009AB6}.Debug|Any CPU.ActiveCfg = Debug|Any CPU
		{A08134BE-9DFE-4533-895A-B58627009AB6}.Debug|Any CPU.Build.0 = Debug|Any CPU
		{A08134BE-9DFE-4533-895A-B58627009AB6}.Release|Any CPU.ActiveCfg = Release|Any CPU
		{A08134BE-9DFE-4533-895A-B58627009AB6}.Release|Any CPU.Build.0 = Release|Any CPU
		{39E4BCBC-E75F-4EDA-A365-02210CF5C5C6}.Debug|Any CPU.ActiveCfg = Debug|Any CPU
		{39E4BCBC-E75F-4EDA-A365-02210CF5C5C6}.Debug|Any CPU.Build.0 = Debug|Any CPU
		{39E4BCBC-E75F-4EDA-A365-02210CF5C5C6}.Release|Any CPU.ActiveCfg = Release|Any CPU
		{39E4BCBC-E75F-4EDA-A365-02210CF5C5C6}.Release|Any CPU.Build.0 = Release|Any CPU
	EndGlobalSection
	GlobalSection(NestedProjects) = preSolution
		{E3C7C312-9B05-452D-A121-485E8CFF142E} = {5C0D8499-1DDB-4771-826E-63231377D233}
		{B183E376-46F9-4ECF-B24C-19637159BA38} = {5C0D8499-1DDB-4771-826E-63231377D233}
		{A08134BE-9DFE-4533-895A-B58627009AB6} = {5C0D8499-1DDB-4771-826E-63231377D233}
		{39E4BCBC-E75F-4EDA-A365-02210CF5C5C6} = {5C0D8499-1DDB-4771-826E-63231377D233}
	EndGlobalSection
EndGlobal
